
Microsoft Visual Studio Solution File, Format Version 12.00
# Visual Studio 15
VisualStudioVersion = 15.0.27428.2011
MinimumVisualStudioVersion = 10.0.40219.1
Project("{FAE04EC0-301F-11D3-BF4B-00C04F79EFBC}") = "project", "project\project.csproj", "{71D58BC9-B727-499A-A09B-ACBCCAD1056E}"
EndProject
Global
	GlobalSection(SolutionConfigurationPlatforms) = preSolution
		Debug|Any CPU = Debug|Any CPU
		Release|Any CPU = Release|Any CPU
	EndGlobalSection
	GlobalSection(ProjectConfigurationPlatforms) = postSolution
		{71D58BC9-B727-499A-A09B-ACBCCAD1056E}.Debug|Any CPU.ActiveCfg = Debug|Any CPU
		{71D58BC9-B727-499A-A09B-ACBCCAD1056E}.Debug|Any CPU.Build.0 = Debug|Any CPU
		{71D58BC9-B727-499A-A09B-ACBCCAD1056E}.Release|Any CPU.ActiveCfg = Release|Any CPU
		{71D58BC9-B727-499A-A09B-ACBCCAD1056E}.Release|Any CPU.Build.0 = Release|Any CPU
	EndGlobalSection
	GlobalSection(SolutionProperties) = preSolution
		HideSolutionNode = FALSE
	EndGlobalSection
	GlobalSection(ExtensibilityGlobals) = postSolution
		SolutionGuid = {5CBEC9A6-16A1-410F-A6C8-1493AA0DCFE3}
	EndGlobalSection
EndGlobal
